// !$*UTF8*$!
{
	archiveVersion = 1;
	classes = {
	};
	objectVersion = 52;
	objects = {

/* Begin PBXBuildFile section */
		A7CD31C32415BB350013DF2B /* dllutil.h in Headers */ = {isa = PBXBuildFile; fileRef = A7CD31BD2415BB340013DF2B /* dllutil.h */; };
		A7CD31C42415BB350013DF2B /* Ini.cpp in Sources */ = {isa = PBXBuildFile; fileRef = A7CD31BE2415BB340013DF2B /* Ini.cpp */; };
		A7CD31C52415BB350013DF2B /* Ini.h in Headers */ = {isa = PBXBuildFile; fileRef = A7CD31BF2415BB340013DF2B /* Ini.h */; };
		A7CD31C62415BB350013DF2B /* Key.h in Headers */ = {isa = PBXBuildFile; fileRef = A7CD31C02415BB340013DF2B /* Key.h */; };
		A7CD31C72415BB350013DF2B /* Section.h in Headers */ = {isa = PBXBuildFile; fileRef = A7CD31C12415BB350013DF2B /* Section.h */; };
		A7CD31C82415BB350013DF2B /* Section.cpp in Sources */ = {isa = PBXBuildFile; fileRef = A7CD31C22415BB350013DF2B /* Section.cpp */; };
/* End PBXBuildFile section */

/* Begin PBXFileReference section */
		A76A5C7B22CC31FA00047603 /* libini.dylib */ = {isa = PBXFileReference; explicitFileType = "compiled.mach-o.dylib"; includeInIndex = 0; path = libini.dylib; sourceTree = BUILT_PRODUCTS_DIR; };
		A7CD31BD2415BB340013DF2B /* dllutil.h */ = {isa = PBXFileReference; fileEncoding = 4; lastKnownFileType = sourcecode.c.h; path = dllutil.h; sourceTree = "<group>"; };
		A7CD31BE2415BB340013DF2B /* Ini.cpp */ = {isa = PBXFileReference; fileEncoding = 4; lastKnownFileType = sourcecode.cpp.cpp; path = Ini.cpp; sourceTree = "<group>"; };
		A7CD31BF2415BB340013DF2B /* Ini.h */ = {isa = PBXFileReference; fileEncoding = 4; lastKnownFileType = sourcecode.c.h; path = Ini.h; sourceTree = "<group>"; };
		A7CD31C02415BB340013DF2B /* Key.h */ = {isa = PBXFileReference; fileEncoding = 4; lastKnownFileType = sourcecode.c.h; path = Key.h; sourceTree = "<group>"; };
		A7CD31C12415BB350013DF2B /* Section.h */ = {isa = PBXFileReference; fileEncoding = 4; lastKnownFileType = sourcecode.c.h; path = Section.h; sourceTree = "<group>"; };
		A7CD31C22415BB350013DF2B /* Section.cpp */ = {isa = PBXFileReference; fileEncoding = 4; lastKnownFileType = sourcecode.cpp.cpp; path = Section.cpp; sourceTree = "<group>"; };
		A7CD31D02415BC260013DF2B /* inia.hpp */ = {isa = PBXFileReference; lastKnownFileType = sourcecode.cpp.h; path = inia.hpp; sourceTree = "<group>"; };
		A7CD31D22415BC260013DF2B /* iniaPriv.hpp */ = {isa = PBXFileReference; lastKnownFileType = sourcecode.cpp.h; path = iniaPriv.hpp; sourceTree = "<group>"; };
		A7CD31D42415BC260013DF2B /* inia.cpp */ = {isa = PBXFileReference; lastKnownFileType = sourcecode.cpp.cpp; path = inia.cpp; sourceTree = "<group>"; };
		A7CD31DF2415BC410013DF2B /* Info.plist */ = {isa = PBXFileReference; lastKnownFileType = text.plist.xml; path = Info.plist; sourceTree = "<group>"; };
/* End PBXFileReference section */

/* Begin PBXFrameworksBuildPhase section */
		A76A5C7922CC31FA00047603 /* Frameworks */ = {
			isa = PBXFrameworksBuildPhase;
			buildActionMask = 2147483647;
			files = (
			);
			runOnlyForDeploymentPostprocessing = 0;
		};
/* End PBXFrameworksBuildPhase section */

/* Begin PBXGroup section */
		A76A5C7222CC31FA00047603 = {
			isa = PBXGroup;
			children = (
				A7CD31BD2415BB340013DF2B /* dllutil.h */,
				A7CD31BE2415BB340013DF2B /* Ini.cpp */,
				A7CD31BF2415BB340013DF2B /* Ini.h */,
				A7CD31C02415BB340013DF2B /* Key.h */,
				A7CD31C22415BB350013DF2B /* Section.cpp */,
				A7CD31C12415BB350013DF2B /* Section.h */,
				A7CD31CF2415BC260013DF2B /* inia */,
				A7CD31DE2415BC410013DF2B /* inib */,
				A76A5C7C22CC31FA00047603 /* Products */,
				A76A5CB922CD63DD00047603 /* Frameworks */,
			);
			sourceTree = "<group>";
		};
		A76A5C7C22CC31FA00047603 /* Products */ = {
			isa = PBXGroup;
			children = (
				A76A5C7B22CC31FA00047603 /* libini.dylib */,
			);
			name = Products;
			sourceTree = "<group>";
		};
		A76A5CB922CD63DD00047603 /* Frameworks */ = {
			isa = PBXGroup;
			children = (
			);
			name = Frameworks;
			sourceTree = "<group>";
		};
		A7CD31CF2415BC260013DF2B /* inia */ = {
			isa = PBXGroup;
			children = (
				A7CD31D02415BC260013DF2B /* inia.hpp */,
				A7CD31D22415BC260013DF2B /* iniaPriv.hpp */,
				A7CD31D42415BC260013DF2B /* inia.cpp */,
			);
			path = inia;
			sourceTree = "<group>";
		};
		A7CD31DE2415BC410013DF2B /* inib */ = {
			isa = PBXGroup;
			children = (
				A7CD31DF2415BC410013DF2B /* Info.plist */,
			);
			path = inib;
			sourceTree = "<group>";
		};
/* End PBXGroup section */

/* Begin PBXHeadersBuildPhase section */
		A76A5C7722CC31FA00047603 /* Headers */ = {
			isa = PBXHeadersBuildPhase;
			buildActionMask = 2147483647;
			files = (
				A7CD31C72415BB350013DF2B /* Section.h in Headers */,
				A7CD31C62415BB350013DF2B /* Key.h in Headers */,
				A7CD31C32415BB350013DF2B /* dllutil.h in Headers */,
				A7CD31C52415BB350013DF2B /* Ini.h in Headers */,
			);
			runOnlyForDeploymentPostprocessing = 0;
		};
/* End PBXHeadersBuildPhase section */

/* Begin PBXNativeTarget section */
		A76A5C7A22CC31FA00047603 /* ini */ = {
			isa = PBXNativeTarget;
			buildConfigurationList = A76A5C7F22CC31FA00047603 /* Build configuration list for PBXNativeTarget "ini" */;
			buildPhases = (
				A76A5C7722CC31FA00047603 /* Headers */,
				A76A5C7822CC31FA00047603 /* Sources */,
				A76A5C7922CC31FA00047603 /* Frameworks */,
			);
			buildRules = (
			);
			dependencies = (
			);
			name = ini;
			productName = ini;
			productReference = A76A5C7B22CC31FA00047603 /* libini.dylib */;
			productType = "com.apple.product-type.library.dynamic";
		};
/* End PBXNativeTarget section */

/* Begin PBXProject section */
		A76A5C7322CC31FA00047603 /* Project object */ = {
			isa = PBXProject;
			attributes = {
				LastUpgradeCheck = 1130;
				ORGANIZATIONNAME = "Leonardo Alves da Costa";
				TargetAttributes = {
					A76A5C7A22CC31FA00047603 = {
						CreatedOnToolsVersion = 10.2.1;
					};
				};
			};
			buildConfigurationList = A76A5C7622CC31FA00047603 /* Build configuration list for PBXProject "ini" */;
			compatibilityVersion = "Xcode 11.0";
			developmentRegion = en;
			hasScannedForEncodings = 0;
			knownRegions = (
				en,
				Base,
			);
			mainGroup = A76A5C7222CC31FA00047603;
			productRefGroup = A76A5C7C22CC31FA00047603 /* Products */;
			projectDirPath = "";
			projectRoot = "";
			targets = (
				A76A5C7A22CC31FA00047603 /* ini */,
			);
		};
/* End PBXProject section */

/* Begin PBXSourcesBuildPhase section */
		A76A5C7822CC31FA00047603 /* Sources */ = {
			isa = PBXSourcesBuildPhase;
			buildActionMask = 2147483647;
			files = (
				A7CD31C42415BB350013DF2B /* Ini.cpp in Sources */,
				A7CD31C82415BB350013DF2B /* Section.cpp in Sources */,
			);
			runOnlyForDeploymentPostprocessing = 0;
		};
/* End PBXSourcesBuildPhase section */

/* Begin XCBuildConfiguration section */
		A76A5C7D22CC31FA00047603 /* Debug */ = {
			isa = XCBuildConfiguration;
			buildSettings = {
				ALWAYS_SEARCH_USER_PATHS = NO;
				CLANG_ANALYZER_NONNULL = YES;
				CLANG_ANALYZER_NUMBER_OBJECT_CONVERSION = YES_AGGRESSIVE;
				CLANG_CXX_LANGUAGE_STANDARD = "gnu++14";
				CLANG_CXX_LIBRARY = "libc++";
				CLANG_ENABLE_MODULES = YES;
				CLANG_ENABLE_OBJC_ARC = YES;
				CLANG_ENABLE_OBJC_WEAK = YES;
				CLANG_WARN_BLOCK_CAPTURE_AUTORELEASING = YES;
				CLANG_WARN_BOOL_CONVERSION = YES;
				CLANG_WARN_COMMA = YES;
				CLANG_WARN_CONSTANT_CONVERSION = YES;
				CLANG_WARN_DEPRECATED_OBJC_IMPLEMENTATIONS = YES;
				CLANG_WARN_DIRECT_OBJC_ISA_USAGE = YES_ERROR;
				CLANG_WARN_DOCUMENTATION_COMMENTS = YES;
				CLANG_WARN_EMPTY_BODY = YES;
				CLANG_WARN_ENUM_CONVERSION = YES;
				CLANG_WARN_INFINITE_RECURSION = YES;
				CLANG_WARN_INT_CONVERSION = YES;
				CLANG_WARN_NON_LITERAL_NULL_CONVERSION = YES;
				CLANG_WARN_OBJC_IMPLICIT_RETAIN_SELF = YES;
				CLANG_WARN_OBJC_LITERAL_CONVERSION = YES;
				CLANG_WARN_OBJC_ROOT_CLASS = YES_ERROR;
				CLANG_WARN_RANGE_LOOP_ANALYSIS = YES;
				CLANG_WARN_STRICT_PROTOTYPES = YES;
				CLANG_WARN_SUSPICIOUS_MOVE = YES;
				CLANG_WARN_UNGUARDED_AVAILABILITY = YES_AGGRESSIVE;
				CLANG_WARN_UNREACHABLE_CODE = YES;
				CLANG_WARN__DUPLICATE_METHOD_MATCH = YES;
				CODE_SIGN_IDENTITY = "Mac Developer";
				COPY_PHASE_STRIP = NO;
				DEBUG_INFORMATION_FORMAT = dwarf;
				ENABLE_STRICT_OBJC_MSGSEND = YES;
				ENABLE_TESTABILITY = YES;
				GCC_C_LANGUAGE_STANDARD = gnu11;
				GCC_DYNAMIC_NO_PIC = NO;
				GCC_NO_COMMON_BLOCKS = YES;
				GCC_OPTIMIZATION_LEVEL = 0;
				GCC_PREPROCESSOR_DEFINITIONS = (
					"DEBUG=1",
					"$(inherited)",
				);
				GCC_WARN_64_TO_32_BIT_CONVERSION = YES;
				GCC_WARN_ABOUT_RETURN_TYPE = YES_ERROR;
				GCC_WARN_UNDECLARED_SELECTOR = YES;
				GCC_WARN_UNINITIALIZED_AUTOS = YES_AGGRESSIVE;
				GCC_WARN_UNUSED_FUNCTION = YES;
				GCC_WARN_UNUSED_VARIABLE = YES;
				MACOSX_DEPLOYMENT_TARGET = 10.14;
				MTL_ENABLE_DEBUG_INFO = INCLUDE_SOURCE;
				MTL_FAST_MATH = YES;
				ONLY_ACTIVE_ARCH = YES;
				SDKROOT = macosx;
			};
			name = Debug;
		};
		A76A5C7E22CC31FA00047603 /* Release */ = {
			isa = XCBuildConfiguration;
			buildSettings = {
				ALWAYS_SEARCH_USER_PATHS = NO;
				CLANG_ANALYZER_NONNULL = YES;
				CLANG_ANALYZER_NUMBER_OBJECT_CONVERSION = YES_AGGRESSIVE;
				CLANG_CXX_LANGUAGE_STANDARD = "gnu++14";
				CLANG_CXX_LIBRARY = "libc++";
				CLANG_ENABLE_MODULES = YES;
				CLANG_ENABLE_OBJC_ARC = YES;
				CLANG_ENABLE_OBJC_WEAK = YES;
				CLANG_WARN_BLOCK_CAPTURE_AUTORELEASING = YES;
				CLANG_WARN_BOOL_CONVERSION = YES;
				CLANG_WARN_COMMA = YES;
				CLANG_WARN_CONSTANT_CONVERSION = YES;
				CLANG_WARN_DEPRECATED_OBJC_IMPLEMENTATIONS = YES;
				CLANG_WARN_DIRECT_OBJC_ISA_USAGE = YES_ERROR;
				CLANG_WARN_DOCUMENTATION_COMMENTS = YES;
				CLANG_WARN_EMPTY_BODY = YES;
				CLANG_WARN_ENUM_CONVERSION = YES;
				CLANG_WARN_INFINITE_RECURSION = YES;
				CLANG_WARN_INT_CONVERSION = YES;
				CLANG_WARN_NON_LITERAL_NULL_CONVERSION = YES;
				CLANG_WARN_OBJC_IMPLICIT_RETAIN_SELF = YES;
				CLANG_WARN_OBJC_LITERAL_CONVERSION = YES;
				CLANG_WARN_OBJC_ROOT_CLASS = YES_ERROR;
				CLANG_WARN_RANGE_LOOP_ANALYSIS = YES;
				CLANG_WARN_STRICT_PROTOTYPES = YES;
				CLANG_WARN_SUSPICIOUS_MOVE = YES;
				CLANG_WARN_UNGUARDED_AVAILABILITY = YES_AGGRESSIVE;
				CLANG_WARN_UNREACHABLE_CODE = YES;
				CLANG_WARN__DUPLICATE_METHOD_MATCH = YES;
				CODE_SIGN_IDENTITY = "Mac Developer";
				COPY_PHASE_STRIP = NO;
				DEBUG_INFORMATION_FORMAT = "dwarf-with-dsym";
				ENABLE_NS_ASSERTIONS = NO;
				ENABLE_STRICT_OBJC_MSGSEND = YES;
				GCC_C_LANGUAGE_STANDARD = gnu11;
				GCC_NO_COMMON_BLOCKS = YES;
				GCC_WARN_64_TO_32_BIT_CONVERSION = YES;
				GCC_WARN_ABOUT_RETURN_TYPE = YES_ERROR;
				GCC_WARN_UNDECLARED_SELECTOR = YES;
				GCC_WARN_UNINITIALIZED_AUTOS = YES_AGGRESSIVE;
				GCC_WARN_UNUSED_FUNCTION = YES;
				GCC_WARN_UNUSED_VARIABLE = YES;
				MACOSX_DEPLOYMENT_TARGET = 10.14;
				MTL_ENABLE_DEBUG_INFO = NO;
				MTL_FAST_MATH = YES;
				SDKROOT = macosx;
			};
			name = Release;
		};
		A76A5C8022CC31FA00047603 /* Debug */ = {
			isa = XCBuildConfiguration;
			buildSettings = {
				CODE_SIGN_STYLE = Automatic;
				DEVELOPMENT_TEAM = 9QU6UEYZY9;
				DYLIB_COMPATIBILITY_VERSION = 1;
				DYLIB_CURRENT_VERSION = 1;
				EXECUTABLE_PREFIX = lib;
				MACOSX_DEPLOYMENT_TARGET = 10.14;
				PRODUCT_NAME = "$(TARGET_NAME)";
				SKIP_INSTALL = YES;
			};
			name = Debug;
		};
		A76A5C8122CC31FA00047603 /* Release */ = {
			isa = XCBuildConfiguration;
			buildSettings = {
				CODE_SIGN_STYLE = Automatic;
				DEVELOPMENT_TEAM = 9QU6UEYZY9;
				DYLIB_COMPATIBILITY_VERSION = 1;
				DYLIB_CURRENT_VERSION = 1;
				EXECUTABLE_PREFIX = lib;
				MACOSX_DEPLOYMENT_TARGET = 10.14;
				PRODUCT_NAME = "$(TARGET_NAME)";
				SKIP_INSTALL = YES;
			};
			name = Release;
		};
/* End XCBuildConfiguration section */

/* Begin XCConfigurationList section */
		A76A5C7622CC31FA00047603 /* Build configuration list for PBXProject "ini" */ = {
			isa = XCConfigurationList;
			buildConfigurations = (
				A76A5C7D22CC31FA00047603 /* Debug */,
				A76A5C7E22CC31FA00047603 /* Release */,
			);
			defaultConfigurationIsVisible = 0;
			defaultConfigurationName = Debug;
		};
		A76A5C7F22CC31FA00047603 /* Build configuration list for PBXNativeTarget "ini" */ = {
			isa = XCConfigurationList;
			buildConfigurations = (
				A76A5C8022CC31FA00047603 /* Debug */,
				A76A5C8122CC31FA00047603 /* Release */,
			);
			defaultConfigurationIsVisible = 0;
			defaultConfigurationName = Debug;
		};
/* End XCConfigurationList section */
	};
	rootObject = A76A5C7322CC31FA00047603 /* Project object */;
}
